// !$*UTF8*$!
{
	archiveVersion = 1;
	classes = {
	};
	objectVersion = 50;
	objects = {

/* Begin PBXBuildFile section */
		A696385926F0B83900CBAA0B /* AppDelegate.swift in Sources */ = {isa = PBXBuildFile; fileRef = A696385826F0B83900CBAA0B /* AppDelegate.swift */; };
		A696385B26F0B83900CBAA0B /* SceneDelegate.swift in Sources */ = {isa = PBXBuildFile; fileRef = A696385A26F0B83900CBAA0B /* SceneDelegate.swift */; };
		A696385D26F0B83900CBAA0B /* MenuTableViewController.swift in Sources */ = {isa = PBXBuildFile; fileRef = A696385C26F0B83900CBAA0B /* MenuTableViewController.swift */; };
		A696386026F0B83900CBAA0B /* Main.storyboard in Resources */ = {isa = PBXBuildFile; fileRef = A696385E26F0B83900CBAA0B /* Main.storyboard */; };
		A696386326F0B83900CBAA0B /* CoreDataPreload.xcdatamodeld in Sources */ = {isa = PBXBuildFile; fileRef = A696386126F0B83900CBAA0B /* CoreDataPreload.xcdatamodeld */; };
		A696386526F0B83A00CBAA0B /* Assets.xcassets in Resources */ = {isa = PBXBuildFile; fileRef = A696386426F0B83A00CBAA0B /* Assets.xcassets */; };
		A696386826F0B83A00CBAA0B /* LaunchScreen.storyboard in Resources */ = {isa = PBXBuildFile; fileRef = A696386626F0B83A00CBAA0B /* LaunchScreen.storyboard */; };
		A696387926F0C39C00CBAA0B /* MenuTableViewCell.swift in Sources */ = {isa = PBXBuildFile; fileRef = A696387826F0C39C00CBAA0B /* MenuTableViewCell.swift */; };
		A696387B26F0C3A500CBAA0B /* menudata.csv in Resources */ = {isa = PBXBuildFile; fileRef = A696387A26F0C3A500CBAA0B /* menudata.csv */; };
/* End PBXBuildFile section */

/* Begin PBXFileReference section */
		A696385526F0B83900CBAA0B /* CoreDataPreload.app */ = {isa = PBXFileReference; explicitFileType = wrapper.application; includeInIndex = 0; path = CoreDataPreload.app; sourceTree = BUILT_PRODUCTS_DIR; };
		A696385826F0B83900CBAA0B /* AppDelegate.swift */ = {isa = PBXFileReference; lastKnownFileType = sourcecode.swift; path = AppDelegate.swift; sourceTree = "<group>"; };
		A696385A26F0B83900CBAA0B /* SceneDelegate.swift */ = {isa = PBXFileReference; lastKnownFileType = sourcecode.swift; path = SceneDelegate.swift; sourceTree = "<group>"; };
		A696385C26F0B83900CBAA0B /* MenuTableViewController.swift */ = {isa = PBXFileReference; lastKnownFileType = sourcecode.swift; path = MenuTableViewController.swift; sourceTree = "<group>"; };
		A696385F26F0B83900CBAA0B /* Base */ = {isa = PBXFileReference; lastKnownFileType = file.storyboard; name = Base; path = Base.lproj/Main.storyboard; sourceTree = "<group>"; };
		A696386226F0B83900CBAA0B /* CoreDataPreload.xcdatamodel */ = {isa = PBXFileReference; lastKnownFileType = wrapper.xcdatamodel; path = CoreDataPreload.xcdatamodel; sourceTree = "<group>"; };
		A696386426F0B83A00CBAA0B /* Assets.xcassets */ = {isa = PBXFileReference; lastKnownFileType = folder.assetcatalog; path = Assets.xcassets; sourceTree = "<group>"; };
		A696386726F0B83A00CBAA0B /* Base */ = {isa = PBXFileReference; lastKnownFileType = file.storyboard; name = Base; path = Base.lproj/LaunchScreen.storyboard; sourceTree = "<group>"; };
		A696386926F0B83A00CBAA0B /* Info.plist */ = {isa = PBXFileReference; lastKnownFileType = text.plist.xml; path = Info.plist; sourceTree = "<group>"; };
		A696387826F0C39C00CBAA0B /* MenuTableViewCell.swift */ = {isa = PBXFileReference; lastKnownFileType = sourcecode.swift; path = MenuTableViewCell.swift; sourceTree = "<group>"; };
		A696387A26F0C3A500CBAA0B /* menudata.csv */ = {isa = PBXFileReference; fileEncoding = 4; lastKnownFileType = text; path = menudata.csv; sourceTree = "<group>"; };
/* End PBXFileReference section */

/* Begin PBXFrameworksBuildPhase section */
		A696385226F0B83900CBAA0B /* Frameworks */ = {
			isa = PBXFrameworksBuildPhase;
			buildActionMask = 2147483647;
			files = (
			);
			runOnlyForDeploymentPostprocessing = 0;
		};
/* End PBXFrameworksBuildPhase section */

/* Begin PBXGroup section */
		A696384C26F0B83900CBAA0B = {
			isa = PBXGroup;
			children = (
				A696385726F0B83900CBAA0B /* CoreDataPreload */,
				A696385626F0B83900CBAA0B /* Products */,
			);
			sourceTree = "<group>";
		};
		A696385626F0B83900CBAA0B /* Products */ = {
			isa = PBXGroup;
			children = (
				A696385526F0B83900CBAA0B /* CoreDataPreload.app */,
			);
			name = Products;
			sourceTree = "<group>";
		};
		A696385726F0B83900CBAA0B /* CoreDataPreload */ = {
			isa = PBXGroup;
			children = (
				A696387726F0C36800CBAA0B /* Import Data */,
				A696387626F0C33D00CBAA0B /* Custom Cell */,
				A696387526F0C33700CBAA0B /* Controllers */,
				A696387426F0C33100CBAA0B /* Views */,
				A696387226F0C2E800CBAA0B /* Supporting Files */,
				A696386926F0B83A00CBAA0B /* Info.plist */,
				A696386126F0B83900CBAA0B /* CoreDataPreload.xcdatamodeld */,
			);
			path = CoreDataPreload;
			sourceTree = "<group>";
		};
		A696387226F0C2E800CBAA0B /* Supporting Files */ = {
			isa = PBXGroup;
			children = (
				A696385826F0B83900CBAA0B /* AppDelegate.swift */,
				A696385A26F0B83900CBAA0B /* SceneDelegate.swift */,
				A696386426F0B83A00CBAA0B /* Assets.xcassets */,
			);
			path = "Supporting Files";
			sourceTree = "<group>";
		};
		A696387426F0C33100CBAA0B /* Views */ = {
			isa = PBXGroup;
			children = (
				A696385E26F0B83900CBAA0B /* Main.storyboard */,
				A696386626F0B83A00CBAA0B /* LaunchScreen.storyboard */,
			);
			path = Views;
			sourceTree = "<group>";
		};
		A696387526F0C33700CBAA0B /* Controllers */ = {
			isa = PBXGroup;
			children = (
				A696385C26F0B83900CBAA0B /* MenuTableViewController.swift */,
			);
			path = Controllers;
			sourceTree = "<group>";
		};
		A696387626F0C33D00CBAA0B /* Custom Cell */ = {
			isa = PBXGroup;
			children = (
				A696387826F0C39C00CBAA0B /* MenuTableViewCell.swift */,
			);
			path = "Custom Cell";
			sourceTree = "<group>";
		};
		A696387726F0C36800CBAA0B /* Import Data */ = {
			isa = PBXGroup;
			children = (
				A696387A26F0C3A500CBAA0B /* menudata.csv */,
			);
			path = "Import Data";
			sourceTree = "<group>";
		};
/* End PBXGroup section */

/* Begin PBXNativeTarget section */
		A696385426F0B83900CBAA0B /* CoreDataPreload */ = {
			isa = PBXNativeTarget;
			buildConfigurationList = A696386C26F0B83A00CBAA0B /* Build configuration list for PBXNativeTarget "CoreDataPreload" */;
			buildPhases = (
				A696385126F0B83900CBAA0B /* Sources */,
				A696385226F0B83900CBAA0B /* Frameworks */,
				A696385326F0B83900CBAA0B /* Resources */,
			);
			buildRules = (
			);
			dependencies = (
			);
			name = CoreDataPreload;
			productName = CoreDataPreload;
			productReference = A696385526F0B83900CBAA0B /* CoreDataPreload.app */;
			productType = "com.apple.product-type.application";
		};
/* End PBXNativeTarget section */

/* Begin PBXProject section */
		A696384D26F0B83900CBAA0B /* Project object */ = {
			isa = PBXProject;
			attributes = {
				LastSwiftUpdateCheck = 1250;
				LastUpgradeCheck = 1250;
				TargetAttributes = {
					A696385426F0B83900CBAA0B = {
						CreatedOnToolsVersion = 12.5.1;
					};
				};
			};
			buildConfigurationList = A696385026F0B83900CBAA0B /* Build configuration list for PBXProject "CoreDataPreload" */;
			compatibilityVersion = "Xcode 9.3";
			developmentRegion = en;
			hasScannedForEncodings = 0;
			knownRegions = (
				en,
				Base,
			);
			mainGroup = A696384C26F0B83900CBAA0B;
			productRefGroup = A696385626F0B83900CBAA0B /* Products */;
			projectDirPath = "";
			projectRoot = "";
			targets = (
				A696385426F0B83900CBAA0B /* CoreDataPreload */,
			);
		};
/* End PBXProject section */

/* Begin PBXResourcesBuildPhase section */
		A696385326F0B83900CBAA0B /* Resources */ = {
			isa = PBXResourcesBuildPhase;
			buildActionMask = 2147483647;
			files = (
				A696386826F0B83A00CBAA0B /* LaunchScreen.storyboard in Resources */,
				A696387B26F0C3A500CBAA0B /* menudata.csv in Resources */,
				A696386526F0B83A00CBAA0B /* Assets.xcassets in Resources */,
				A696386026F0B83900CBAA0B /* Main.storyboard in Resources */,
			);
			runOnlyForDeploymentPostprocessing = 0;
		};
/* End PBXResourcesBuildPhase section */

/* Begin PBXSourcesBuildPhase section */
		A696385126F0B83900CBAA0B /* Sources */ = {
			isa = PBXSourcesBuildPhase;
			buildActionMask = 2147483647;
			files = (
				A696385D26F0B83900CBAA0B /* MenuTableViewController.swift in Sources */,
				A696385926F0B83900CBAA0B /* AppDelegate.swift in Sources */,
				A696386326F0B83900CBAA0B /* CoreDataPreload.xcdatamodeld in Sources */,
				A696385B26F0B83900CBAA0B /* SceneDelegate.swift in Sources */,
				A696387926F0C39C00CBAA0B /* MenuTableViewCell.swift in Sources */,
			);
			runOnlyForDeploymentPostprocessing = 0;
		};
/* End PBXSourcesBuildPhase section */

/* Begin PBXVariantGroup section */
		A696385E26F0B83900CBAA0B /* Main.storyboard */ = {
			isa = PBXVariantGroup;
			children = (
				A696385F26F0B83900CBAA0B /* Base */,
			);
			name = Main.storyboard;
			sourceTree = "<group>";
		};
		A696386626F0B83A00CBAA0B /* LaunchScreen.storyboard */ = {
			isa = PBXVariantGroup;
			children = (
				A696386726F0B83A00CBAA0B /* Base */,
			);
			name = LaunchScreen.storyboard;
			sourceTree = "<group>";
		};
/* End PBXVariantGroup section */

/* Begin XCBuildConfiguration section */
		A696386A26F0B83A00CBAA0B /* Debug */ = {
			isa = XCBuildConfiguration;
			buildSettings = {
				ALWAYS_SEARCH_USER_PATHS = NO;
				CLANG_ANALYZER_NONNULL = YES;
				CLANG_ANALYZER_NUMBER_OBJECT_CONVERSION = YES_AGGRESSIVE;
				CLANG_CXX_LANGUAGE_STANDARD = "gnu++14";
				CLANG_CXX_LIBRARY = "libc++";
				CLANG_ENABLE_MODULES = YES;
				CLANG_ENABLE_OBJC_ARC = YES;
				CLANG_ENABLE_OBJC_WEAK = YES;
				CLANG_WARN_BLOCK_CAPTURE_AUTORELEASING = YES;
				CLANG_WARN_BOOL_CONVERSION = YES;
				CLANG_WARN_COMMA = YES;
				CLANG_WARN_CONSTANT_CONVERSION = YES;
				CLANG_WARN_DEPRECATED_OBJC_IMPLEMENTATIONS = YES;
				CLANG_WARN_DIRECT_OBJC_ISA_USAGE = YES_ERROR;
				CLANG_WARN_DOCUMENTATION_COMMENTS = YES;
				CLANG_WARN_EMPTY_BODY = YES;
				CLANG_WARN_ENUM_CONVERSION = YES;
				CLANG_WARN_INFINITE_RECURSION = YES;
				CLANG_WARN_INT_CONVERSION = YES;
				CLANG_WARN_NON_LITERAL_NULL_CONVERSION = YES;
				CLANG_WARN_OBJC_IMPLICIT_RETAIN_SELF = YES;
				CLANG_WARN_OBJC_LITERAL_CONVERSION = YES;
				CLANG_WARN_OBJC_ROOT_CLASS = YES_ERROR;
				CLANG_WARN_QUOTED_INCLUDE_IN_FRAMEWORK_HEADER = YES;
				CLANG_WARN_RANGE_LOOP_ANALYSIS = YES;
				CLANG_WARN_STRICT_PROTOTYPES = YES;
				CLANG_WARN_SUSPICIOUS_MOVE = YES;
				CLANG_WARN_UNGUARDED_AVAILABILITY = YES_AGGRESSIVE;
				CLANG_WARN_UNREACHABLE_CODE = YES;
				CLANG_WARN__DUPLICATE_METHOD_MATCH = YES;
				COPY_PHASE_STRIP = NO;
				DEBUG_INFORMATION_FORMAT = dwarf;
				ENABLE_STRICT_OBJC_MSGSEND = YES;
				ENABLE_TESTABILITY = YES;
				GCC_C_LANGUAGE_STANDARD = gnu11;
				GCC_DYNAMIC_NO_PIC = NO;
				GCC_NO_COMMON_BLOCKS = YES;
				GCC_OPTIMIZATION_LEVEL = 0;
				GCC_PREPROCESSOR_DEFINITIONS = (
					"DEBUG=1",
					"$(inherited)",
				);
				GCC_WARN_64_TO_32_BIT_CONVERSION = YES;
				GCC_WARN_ABOUT_RETURN_TYPE = YES_ERROR;
				GCC_WARN_UNDECLARED_SELECTOR = YES;
				GCC_WARN_UNINITIALIZED_AUTOS = YES_AGGRESSIVE;
				GCC_WARN_UNUSED_FUNCTION = YES;
				GCC_WARN_UNUSED_VARIABLE = YES;
				IPHONEOS_DEPLOYMENT_TARGET = 14.5;
				MTL_ENABLE_DEBUG_INFO = INCLUDE_SOURCE;
				MTL_FAST_MATH = YES;
				ONLY_ACTIVE_ARCH = YES;
				SDKROOT = iphoneos;
				SWIFT_ACTIVE_COMPILATION_CONDITIONS = DEBUG;
				SWIFT_OPTIMIZATION_LEVEL = "-Onone";
			};
			name = Debug;
		};
		A696386B26F0B83A00CBAA0B /* Release */ = {
			isa = XCBuildConfiguration;
			buildSettings = {
				ALWAYS_SEARCH_USER_PATHS = NO;
				CLANG_ANALYZER_NONNULL = YES;
				CLANG_ANALYZER_NUMBER_OBJECT_CONVERSION = YES_AGGRESSIVE;
				CLANG_CXX_LANGUAGE_STANDARD = "gnu++14";
				CLANG_CXX_LIBRARY = "libc++";
				CLANG_ENABLE_MODULES = YES;
				CLANG_ENABLE_OBJC_ARC = YES;
				CLANG_ENABLE_OBJC_WEAK = YES;
				CLANG_WARN_BLOCK_CAPTURE_AUTORELEASING = YES;
				CLANG_WARN_BOOL_CONVERSION = YES;
				CLANG_WARN_COMMA = YES;
				CLANG_WARN_CONSTANT_CONVERSION = YES;
				CLANG_WARN_DEPRECATED_OBJC_IMPLEMENTATIONS = YES;
				CLANG_WARN_DIRECT_OBJC_ISA_USAGE = YES_ERROR;
				CLANG_WARN_DOCUMENTATION_COMMENTS = YES;
				CLANG_WARN_EMPTY_BODY = YES;
				CLANG_WARN_ENUM_CONVERSION = YES;
				CLANG_WARN_INFINITE_RECURSION = YES;
				CLANG_WARN_INT_CONVERSION = YES;
				CLANG_WARN_NON_LITERAL_NULL_CONVERSION = YES;
				CLANG_WARN_OBJC_IMPLICIT_RETAIN_SELF = YES;
				CLANG_WARN_OBJC_LITERAL_CONVERSION = YES;
				CLANG_WARN_OBJC_ROOT_CLASS = YES_ERROR;
				CLANG_WARN_QUOTED_INCLUDE_IN_FRAMEWORK_HEADER = YES;
				CLANG_WARN_RANGE_LOOP_ANALYSIS = YES;
				CLANG_WARN_STRICT_PROTOTYPES = YES;
				CLANG_WARN_SUSPICIOUS_MOVE = YES;
				CLANG_WARN_UNGUARDED_AVAILABILITY = YES_AGGRESSIVE;
				CLANG_WARN_UNREACHABLE_CODE = YES;
				CLANG_WARN__DUPLICATE_METHOD_MATCH = YES;
				COPY_PHASE_STRIP = NO;
				DEBUG_INFORMATION_FORMAT = "dwarf-with-dsym";
				ENABLE_NS_ASSERTIONS = NO;
				ENABLE_STRICT_OBJC_MSGSEND = YES;
				GCC_C_LANGUAGE_STANDARD = gnu11;
				GCC_NO_COMMON_BLOCKS = YES;
				GCC_WARN_64_TO_32_BIT_CONVERSION = YES;
				GCC_WARN_ABOUT_RETURN_TYPE = YES_ERROR;
				GCC_WARN_UNDECLARED_SELECTOR = YES;
				GCC_WARN_UNINITIALIZED_AUTOS = YES_AGGRESSIVE;
				GCC_WARN_UNUSED_FUNCTION = YES;
				GCC_WARN_UNUSED_VARIABLE = YES;
				IPHONEOS_DEPLOYMENT_TARGET = 14.5;
				MTL_ENABLE_DEBUG_INFO = NO;
				MTL_FAST_MATH = YES;
				SDKROOT = iphoneos;
				SWIFT_COMPILATION_MODE = wholemodule;
				SWIFT_OPTIMIZATION_LEVEL = "-O";
				VALIDATE_PRODUCT = YES;
			};
			name = Release;
		};
		A696386D26F0B83A00CBAA0B /* Debug */ = {
			isa = XCBuildConfiguration;
			buildSettings = {
				ASSETCATALOG_COMPILER_APPICON_NAME = AppIcon;
				ASSETCATALOG_COMPILER_GLOBAL_ACCENT_COLOR_NAME = AccentColor;
				CODE_SIGN_STYLE = Automatic;
				DEVELOPMENT_TEAM = ZJD5A2P8BC;
				INFOPLIST_FILE = CoreDataPreload/Info.plist;
				LD_RUNPATH_SEARCH_PATHS = (
					"$(inherited)",
					"@executable_path/Frameworks",
				);
				PRODUCT_BUNDLE_IDENTIFIER = com.adnannmuratovic.CoreDataPreload;
				PRODUCT_NAME = "$(TARGET_NAME)";
				SWIFT_VERSION = 5.0;
				TARGETED_DEVICE_FAMILY = "1,2";
			};
			name = Debug;
		};
		A696386E26F0B83A00CBAA0B /* Release */ = {
			isa = XCBuildConfiguration;
			buildSettings = {
				ASSETCATALOG_COMPILER_APPICON_NAME = AppIcon;
				ASSETCATALOG_COMPILER_GLOBAL_ACCENT_COLOR_NAME = AccentColor;
				CODE_SIGN_STYLE = Automatic;
				DEVELOPMENT_TEAM = ZJD5A2P8BC;
				INFOPLIST_FILE = CoreDataPreload/Info.plist;
				LD_RUNPATH_SEARCH_PATHS = (
					"$(inherited)",
					"@executable_path/Frameworks",
				);
				PRODUCT_BUNDLE_IDENTIFIER = com.adnannmuratovic.CoreDataPreload;
				PRODUCT_NAME = "$(TARGET_NAME)";
				SWIFT_VERSION = 5.0;
				TARGETED_DEVICE_FAMILY = "1,2";
			};
			name = Release;
		};
/* End XCBuildConfiguration section */

/* Begin XCConfigurationList section */
		A696385026F0B83900CBAA0B /* Build configuration list for PBXProject "CoreDataPreload" */ = {
			isa = XCConfigurationList;
			buildConfigurations = (
				A696386A26F0B83A00CBAA0B /* Debug */,
				A696386B26F0B83A00CBAA0B /* Release */,
			);
			defaultConfigurationIsVisible = 0;
			defaultConfigurationName = Release;
		};
		A696386C26F0B83A00CBAA0B /* Build configuration list for PBXNativeTarget "CoreDataPreload" */ = {
			isa = XCConfigurationList;
			buildConfigurations = (
				A696386D26F0B83A00CBAA0B /* Debug */,
				A696386E26F0B83A00CBAA0B /* Release */,
			);
			defaultConfigurationIsVisible = 0;
			defaultConfigurationName = Release;
		};
/* End XCConfigurationList section */

/* Begin XCVersionGroup section */
		A696386126F0B83900CBAA0B /* CoreDataPreload.xcdatamodeld */ = {
			isa = XCVersionGroup;
			children = (
				A696386226F0B83900CBAA0B /* CoreDataPreload.xcdatamodel */,
			);
			currentVersion = A696386226F0B83900CBAA0B /* CoreDataPreload.xcdatamodel */;
			path = CoreDataPreload.xcdatamodeld;
			sourceTree = "<group>";
			versionGroupType = wrapper.xcdatamodel;
		};
/* End XCVersionGroup section */
	};
	rootObject = A696384D26F0B83900CBAA0B /* Project object */;
}
